
Microsoft Visual Studio Solution File, Format Version 12.00
# Visual Studio Version 17
VisualStudioVersion = 17.4.33213.308
MinimumVisualStudioVersion = 10.0.40219.1
Project("{FAE04EC0-301F-11D3-BF4B-00C04F79EFBC}") = "06.09.2024 Smirnov Andreew wpf sqlite", "06.09.2024 Smirnov Andreew wpf sqlite.csproj", "{CF4B64A8-D250-4943-AA17-291971029049}"
EndProject
Global
	GlobalSection(SolutionConfigurationPlatforms) = preSolution
		Debug|Any CPU = Debug|Any CPU
		Release|Any CPU = Release|Any CPU
	EndGlobalSection
	GlobalSection(ProjectConfigurationPlatforms) = postSolution
		{CF4B64A8-D250-4943-AA17-291971029049}.Debug|Any CPU.ActiveCfg = Debug|Any CPU
		{CF4B64A8-D250-4943-AA17-291971029049}.Debug|Any CPU.Build.0 = Debug|Any CPU
		{CF4B64A8-D250-4943-AA17-291971029049}.Release|Any CPU.ActiveCfg = Release|Any CPU
		{CF4B64A8-D250-4943-AA17-291971029049}.Release|Any CPU.Build.0 = Release|Any CPU
	EndGlobalSection
	GlobalSection(SolutionProperties) = preSolution
		HideSolutionNode = FALSE
	EndGlobalSection
	GlobalSection(ExtensibilityGlobals) = postSolution
		SolutionGuid = {10FCA19D-56A3-4BE6-8231-D77F961F2551}
	EndGlobalSection
EndGlobal
